
Microsoft Visual Studio Solution File, Format Version 12.00
# Visual Studio Version 16
VisualStudioVersion = 16.0.31911.196
MinimumVisualStudioVersion = 10.0.40219.1
Project("{FAE04EC0-301F-11D3-BF4B-00C04F79EFBC}") = "HomeTask_Calculator", "HomeTask_Calculator.csproj", "{27A5E913-A2D2-47B4-8A1C-6360E79AA028}"
EndProject
Global
	GlobalSection(SolutionConfigurationPlatforms) = preSolution
		Debug|Any CPU = Debug|Any CPU
		Release|Any CPU = Release|Any CPU
	EndGlobalSection
	GlobalSection(ProjectConfigurationPlatforms) = postSolution
		{27A5E913-A2D2-47B4-8A1C-6360E79AA028}.Debug|Any CPU.ActiveCfg = Debug|Any CPU
		{27A5E913-A2D2-47B4-8A1C-6360E79AA028}.Debug|Any CPU.Build.0 = Debug|Any CPU
		{27A5E913-A2D2-47B4-8A1C-6360E79AA028}.Release|Any CPU.ActiveCfg = Release|Any CPU
		{27A5E913-A2D2-47B4-8A1C-6360E79AA028}.Release|Any CPU.Build.0 = Release|Any CPU
	EndGlobalSection
	GlobalSection(SolutionProperties) = preSolution
		HideSolutionNode = FALSE
	EndGlobalSection
	GlobalSection(ExtensibilityGlobals) = postSolution
		SolutionGuid = {08E5983E-8826-486D-915A-95F01AB777D5}
	EndGlobalSection
EndGlobal
